
Microsoft Visual Studio Solution File, Format Version 12.00
# Visual Studio 14
VisualStudioVersion = 14.0.24720.0
MinimumVisualStudioVersion = 10.0.40219.1
Project("{FAE04EC0-301F-11D3-BF4B-00C04F79EFBC}") = "DefiningClassesPart2", "DefiningClassesPart2\DefiningClassesPart2.csproj", "{DDC0F38B-6908-462F-BE34-D73A79C4E02F}"
EndProject
Project("{FAE04EC0-301F-11D3-BF4B-00C04F79EFBC}") = "GenericList", "GenericList\GenericList.csproj", "{92DD3BB3-F1BD-41DF-8E27-B6722FE8425F}"
EndProject
Project("{FAE04EC0-301F-11D3-BF4B-00C04F79EFBC}") = "Matrix", "Matrix\Matrix.csproj", "{19AC9AEE-E586-4E9C-9FA3-EE0851B56EBD}"
EndProject
Project("{FAE04EC0-301F-11D3-BF4B-00C04F79EFBC}") = "VersionAttribute", "VersionAttribute\VersionAttribute.csproj", "{C4300E19-8247-4177-8F18-6A1157F29191}"
EndProject
Global
	GlobalSection(SolutionConfigurationPlatforms) = preSolution
		Debug|Any CPU = Debug|Any CPU
		Release|Any CPU = Release|Any CPU
	EndGlobalSection
	GlobalSection(ProjectConfigurationPlatforms) = postSolution
		{DDC0F38B-6908-462F-BE34-D73A79C4E02F}.Debug|Any CPU.ActiveCfg = Debug|Any CPU
		{DDC0F38B-6908-462F-BE34-D73A79C4E02F}.Debug|Any CPU.Build.0 = Debug|Any CPU
		{DDC0F38B-6908-462F-BE34-D73A79C4E02F}.Release|Any CPU.ActiveCfg = Release|Any CPU
		{DDC0F38B-6908-462F-BE34-D73A79C4E02F}.Release|Any CPU.Build.0 = Release|Any CPU
		{92DD3BB3-F1BD-41DF-8E27-B6722FE8425F}.Debug|Any CPU.ActiveCfg = Debug|Any CPU
		{92DD3BB3-F1BD-41DF-8E27-B6722FE8425F}.Debug|Any CPU.Build.0 = Debug|Any CPU
		{92DD3BB3-F1BD-41DF-8E27-B6722FE8425F}.Release|Any CPU.ActiveCfg = Release|Any CPU
		{92DD3BB3-F1BD-41DF-8E27-B6722FE8425F}.Release|Any CPU.Build.0 = Release|Any CPU
		{19AC9AEE-E586-4E9C-9FA3-EE0851B56EBD}.Debug|Any CPU.ActiveCfg = Debug|Any CPU
		{19AC9AEE-E586-4E9C-9FA3-EE0851B56EBD}.Debug|Any CPU.Build.0 = Debug|Any CPU
		{19AC9AEE-E586-4E9C-9FA3-EE0851B56EBD}.Release|Any CPU.ActiveCfg = Release|Any CPU
		{19AC9AEE-E586-4E9C-9FA3-EE0851B56EBD}.Release|Any CPU.Build.0 = Release|Any CPU
		{C4300E19-8247-4177-8F18-6A1157F29191}.Debug|Any CPU.ActiveCfg = Debug|Any CPU
		{C4300E19-8247-4177-8F18-6A1157F29191}.Debug|Any CPU.Build.0 = Debug|Any CPU
		{C4300E19-8247-4177-8F18-6A1157F29191}.Release|Any CPU.ActiveCfg = Release|Any CPU
		{C4300E19-8247-4177-8F18-6A1157F29191}.Release|Any CPU.Build.0 = Release|Any CPU
	EndGlobalSection
	GlobalSection(SolutionProperties) = preSolution
		HideSolutionNode = FALSE
	EndGlobalSection
EndGlobal
