
Microsoft Visual Studio Solution File, Format Version 12.00
# Visual Studio 14
VisualStudioVersion = 14.0.24720.0
MinimumVisualStudioVersion = 10.0.40219.1
Project("{FAE04EC0-301F-11D3-BF4B-00C04F79EFBC}") = "01. Say Hello", "01. Say Hello\01. Say Hello.csproj", "{65336EAA-3CED-466B-8F70-B098FD091F4E}"
EndProject
Project("{FAE04EC0-301F-11D3-BF4B-00C04F79EFBC}") = "02. Get largest number", "02. Get largest number\02. Get largest number.csproj", "{2CBF1BC5-97C9-4743-97F7-5E07D4A109B2}"
EndProject
Project("{FAE04EC0-301F-11D3-BF4B-00C04F79EFBC}") = "03. English digit", "03. English digit\03. English digit.csproj", "{E8730A9C-5D3F-4BF7-A151-44332664ED7F}"
EndProject
Project("{FAE04EC0-301F-11D3-BF4B-00C04F79EFBC}") = "04. Appearance count", "04. Appearance count\04. Appearance count.csproj", "{6958F967-B5CD-49CE-B7F5-F9A1EFDE5E4C}"
EndProject
Project("{FAE04EC0-301F-11D3-BF4B-00C04F79EFBC}") = "05. Larger than neighbours", "05. Larger than neighbours\05. Larger than neighbours.csproj", "{FD3EB26A-7747-440F-93C4-6CE299A516B5}"
EndProject
Project("{FAE04EC0-301F-11D3-BF4B-00C04F79EFBC}") = "06. First larger than neighbours", "06. First larger than neighbours\06. First larger than neighbours.csproj", "{7AA5DE5D-1C44-43E7-9766-DC0B7E34A454}"
EndProject
Project("{FAE04EC0-301F-11D3-BF4B-00C04F79EFBC}") = "07. Reverse number", "07. Reverse number\07. Reverse number.csproj", "{AA0D1E23-D104-444D-B7F6-51D350DD1781}"
EndProject
Project("{FAE04EC0-301F-11D3-BF4B-00C04F79EFBC}") = "08. Number as array", "08. Number as array\08. Number as array.csproj", "{67046CFD-BC8F-4220-8260-D119E5CF7D61}"
EndProject
Project("{FAE04EC0-301F-11D3-BF4B-00C04F79EFBC}") = "10. N Factorial", "10. N Factorial\10. N Factorial.csproj", "{D5480455-C5BD-4F53-8684-6B1500C1770B}"
EndProject
Project("{FAE04EC0-301F-11D3-BF4B-00C04F79EFBC}") = "09. Sorting array", "09. Sorting array\09. Sorting array.csproj", "{773F5CD5-3D84-47DE-828A-0531F1AF2402}"
EndProject
Project("{FAE04EC0-301F-11D3-BF4B-00C04F79EFBC}") = "11. Adding polynomials", "11. Adding polynomials\11. Adding polynomials.csproj", "{4AC9E3F6-4A1A-4842-AD0A-CC61DFD1D23F}"
EndProject
Project("{FAE04EC0-301F-11D3-BF4B-00C04F79EFBC}") = "14. Integer calculations", "14. Integer calculations\14. Integer calculations.csproj", "{56647DBA-E0E1-446B-8221-518E6506F1FB}"
EndProject
Global
	GlobalSection(SolutionConfigurationPlatforms) = preSolution
		Debug|Any CPU = Debug|Any CPU
		Release|Any CPU = Release|Any CPU
	EndGlobalSection
	GlobalSection(ProjectConfigurationPlatforms) = postSolution
		{65336EAA-3CED-466B-8F70-B098FD091F4E}.Debug|Any CPU.ActiveCfg = Debug|Any CPU
		{65336EAA-3CED-466B-8F70-B098FD091F4E}.Debug|Any CPU.Build.0 = Debug|Any CPU
		{65336EAA-3CED-466B-8F70-B098FD091F4E}.Release|Any CPU.ActiveCfg = Release|Any CPU
		{65336EAA-3CED-466B-8F70-B098FD091F4E}.Release|Any CPU.Build.0 = Release|Any CPU
		{2CBF1BC5-97C9-4743-97F7-5E07D4A109B2}.Debug|Any CPU.ActiveCfg = Debug|Any CPU
		{2CBF1BC5-97C9-4743-97F7-5E07D4A109B2}.Debug|Any CPU.Build.0 = Debug|Any CPU
		{2CBF1BC5-97C9-4743-97F7-5E07D4A109B2}.Release|Any CPU.ActiveCfg = Release|Any CPU
		{2CBF1BC5-97C9-4743-97F7-5E07D4A109B2}.Release|Any CPU.Build.0 = Release|Any CPU
		{E8730A9C-5D3F-4BF7-A151-44332664ED7F}.Debug|Any CPU.ActiveCfg = Debug|Any CPU
		{E8730A9C-5D3F-4BF7-A151-44332664ED7F}.Debug|Any CPU.Build.0 = Debug|Any CPU
		{E8730A9C-5D3F-4BF7-A151-44332664ED7F}.Release|Any CPU.ActiveCfg = Release|Any CPU
		{E8730A9C-5D3F-4BF7-A151-44332664ED7F}.Release|Any CPU.Build.0 = Release|Any CPU
		{6958F967-B5CD-49CE-B7F5-F9A1EFDE5E4C}.Debug|Any CPU.ActiveCfg = Debug|Any CPU
		{6958F967-B5CD-49CE-B7F5-F9A1EFDE5E4C}.Debug|Any CPU.Build.0 = Debug|Any CPU
		{6958F967-B5CD-49CE-B7F5-F9A1EFDE5E4C}.Release|Any CPU.ActiveCfg = Release|Any CPU
		{6958F967-B5CD-49CE-B7F5-F9A1EFDE5E4C}.Release|Any CPU.Build.0 = Release|Any CPU
		{FD3EB26A-7747-440F-93C4-6CE299A516B5}.Debug|Any CPU.ActiveCfg = Debug|Any CPU
		{FD3EB26A-7747-440F-93C4-6CE299A516B5}.Debug|Any CPU.Build.0 = Debug|Any CPU
		{FD3EB26A-7747-440F-93C4-6CE299A516B5}.Release|Any CPU.ActiveCfg = Release|Any CPU
		{FD3EB26A-7747-440F-93C4-6CE299A516B5}.Release|Any CPU.Build.0 = Release|Any CPU
		{7AA5DE5D-1C44-43E7-9766-DC0B7E34A454}.Debug|Any CPU.ActiveCfg = Debug|Any CPU
		{7AA5DE5D-1C44-43E7-9766-DC0B7E34A454}.Debug|Any CPU.Build.0 = Debug|Any CPU
		{7AA5DE5D-1C44-43E7-9766-DC0B7E34A454}.Release|Any CPU.ActiveCfg = Release|Any CPU
		{7AA5DE5D-1C44-43E7-9766-DC0B7E34A454}.Release|Any CPU.Build.0 = Release|Any CPU
		{AA0D1E23-D104-444D-B7F6-51D350DD1781}.Debug|Any CPU.ActiveCfg = Debug|Any CPU
		{AA0D1E23-D104-444D-B7F6-51D350DD1781}.Debug|Any CPU.Build.0 = Debug|Any CPU
		{AA0D1E23-D104-444D-B7F6-51D350DD1781}.Release|Any CPU.ActiveCfg = Release|Any CPU
		{AA0D1E23-D104-444D-B7F6-51D350DD1781}.Release|Any CPU.Build.0 = Release|Any CPU
		{67046CFD-BC8F-4220-8260-D119E5CF7D61}.Debug|Any CPU.ActiveCfg = Debug|Any CPU
		{67046CFD-BC8F-4220-8260-D119E5CF7D61}.Debug|Any CPU.Build.0 = Debug|Any CPU
		{67046CFD-BC8F-4220-8260-D119E5CF7D61}.Release|Any CPU.ActiveCfg = Release|Any CPU
		{67046CFD-BC8F-4220-8260-D119E5CF7D61}.Release|Any CPU.Build.0 = Release|Any CPU
		{D5480455-C5BD-4F53-8684-6B1500C1770B}.Debug|Any CPU.ActiveCfg = Debug|Any CPU
		{D5480455-C5BD-4F53-8684-6B1500C1770B}.Debug|Any CPU.Build.0 = Debug|Any CPU
		{D5480455-C5BD-4F53-8684-6B1500C1770B}.Release|Any CPU.ActiveCfg = Release|Any CPU
		{D5480455-C5BD-4F53-8684-6B1500C1770B}.Release|Any CPU.Build.0 = Release|Any CPU
		{773F5CD5-3D84-47DE-828A-0531F1AF2402}.Debug|Any CPU.ActiveCfg = Debug|Any CPU
		{773F5CD5-3D84-47DE-828A-0531F1AF2402}.Debug|Any CPU.Build.0 = Debug|Any CPU
		{773F5CD5-3D84-47DE-828A-0531F1AF2402}.Release|Any CPU.ActiveCfg = Release|Any CPU
		{773F5CD5-3D84-47DE-828A-0531F1AF2402}.Release|Any CPU.Build.0 = Release|Any CPU
		{4AC9E3F6-4A1A-4842-AD0A-CC61DFD1D23F}.Debug|Any CPU.ActiveCfg = Debug|Any CPU
		{4AC9E3F6-4A1A-4842-AD0A-CC61DFD1D23F}.Debug|Any CPU.Build.0 = Debug|Any CPU
		{4AC9E3F6-4A1A-4842-AD0A-CC61DFD1D23F}.Release|Any CPU.ActiveCfg = Release|Any CPU
		{4AC9E3F6-4A1A-4842-AD0A-CC61DFD1D23F}.Release|Any CPU.Build.0 = Release|Any CPU
		{56647DBA-E0E1-446B-8221-518E6506F1FB}.Debug|Any CPU.ActiveCfg = Debug|Any CPU
		{56647DBA-E0E1-446B-8221-518E6506F1FB}.Debug|Any CPU.Build.0 = Debug|Any CPU
		{56647DBA-E0E1-446B-8221-518E6506F1FB}.Release|Any CPU.ActiveCfg = Release|Any CPU
		{56647DBA-E0E1-446B-8221-518E6506F1FB}.Release|Any CPU.Build.0 = Release|Any CPU
	EndGlobalSection
	GlobalSection(SolutionProperties) = preSolution
		HideSolutionNode = FALSE
	EndGlobalSection
EndGlobal
