
Microsoft Visual Studio Solution File, Format Version 12.00
# Visual Studio 14
VisualStudioVersion = 14.0.24720.0
MinimumVisualStudioVersion = 10.0.40219.1
Project("{FAE04EC0-301F-11D3-BF4B-00C04F79EFBC}") = "Problem1", "Problem1\Problem1.csproj", "{884F7B86-D315-40A7-A23F-89E919E04C05}"
EndProject
Project("{FAE04EC0-301F-11D3-BF4B-00C04F79EFBC}") = "Problem5", "Problem5\Problem5.csproj", "{9253EA60-D4CA-4979-A78E-DA99E46BA154}"
EndProject
Global
	GlobalSection(SolutionConfigurationPlatforms) = preSolution
		Debug|Any CPU = Debug|Any CPU
		Release|Any CPU = Release|Any CPU
	EndGlobalSection
	GlobalSection(ProjectConfigurationPlatforms) = postSolution
		{884F7B86-D315-40A7-A23F-89E919E04C05}.Debug|Any CPU.ActiveCfg = Debug|Any CPU
		{884F7B86-D315-40A7-A23F-89E919E04C05}.Debug|Any CPU.Build.0 = Debug|Any CPU
		{884F7B86-D315-40A7-A23F-89E919E04C05}.Release|Any CPU.ActiveCfg = Release|Any CPU
		{884F7B86-D315-40A7-A23F-89E919E04C05}.Release|Any CPU.Build.0 = Release|Any CPU
		{9253EA60-D4CA-4979-A78E-DA99E46BA154}.Debug|Any CPU.ActiveCfg = Debug|Any CPU
		{9253EA60-D4CA-4979-A78E-DA99E46BA154}.Debug|Any CPU.Build.0 = Debug|Any CPU
		{9253EA60-D4CA-4979-A78E-DA99E46BA154}.Release|Any CPU.ActiveCfg = Release|Any CPU
		{9253EA60-D4CA-4979-A78E-DA99E46BA154}.Release|Any CPU.Build.0 = Release|Any CPU
	EndGlobalSection
	GlobalSection(SolutionProperties) = preSolution
		HideSolutionNode = FALSE
	EndGlobalSection
EndGlobal
