
Microsoft Visual Studio Solution File, Format Version 12.00
# Visual Studio 14
VisualStudioVersion = 14.0.24720.0
MinimumVisualStudioVersion = 10.0.40219.1
Project("{FAE04EC0-301F-11D3-BF4B-00C04F79EFBC}") = "08. Square Root", "08. Square Root\08. Square Root.csproj", "{3DB41A96-B42A-4CD2-9A36-49441AC50325}"
EndProject
Project("{FAE04EC0-301F-11D3-BF4B-00C04F79EFBC}") = "09. Print Sequence", "09. Print Sequence\09. Print Sequence.csproj", "{EA7A4E34-BE1E-40D1-9DEF-116A9F749A37}"
EndProject
Project("{FAE04EC0-301F-11D3-BF4B-00C04F79EFBC}") = "15. Age", "15. Age\15. Age.csproj", "{FB6E3F6A-D962-46E9-9C92-B6CF00D2F9D5}"
EndProject
Project("{FAE04EC0-301F-11D3-BF4B-00C04F79EFBC}") = "16. Long Sequence", "16. Long Sequence\16. Long Sequence.csproj", "{107968B5-9CBE-4CFB-A53D-6BF9CBEEAD79}"
EndProject
Global
	GlobalSection(SolutionConfigurationPlatforms) = preSolution
		Debug|Any CPU = Debug|Any CPU
		Release|Any CPU = Release|Any CPU
	EndGlobalSection
	GlobalSection(ProjectConfigurationPlatforms) = postSolution
		{3DB41A96-B42A-4CD2-9A36-49441AC50325}.Debug|Any CPU.ActiveCfg = Debug|Any CPU
		{3DB41A96-B42A-4CD2-9A36-49441AC50325}.Debug|Any CPU.Build.0 = Debug|Any CPU
		{3DB41A96-B42A-4CD2-9A36-49441AC50325}.Release|Any CPU.ActiveCfg = Release|Any CPU
		{3DB41A96-B42A-4CD2-9A36-49441AC50325}.Release|Any CPU.Build.0 = Release|Any CPU
		{EA7A4E34-BE1E-40D1-9DEF-116A9F749A37}.Debug|Any CPU.ActiveCfg = Debug|Any CPU
		{EA7A4E34-BE1E-40D1-9DEF-116A9F749A37}.Debug|Any CPU.Build.0 = Debug|Any CPU
		{EA7A4E34-BE1E-40D1-9DEF-116A9F749A37}.Release|Any CPU.ActiveCfg = Release|Any CPU
		{EA7A4E34-BE1E-40D1-9DEF-116A9F749A37}.Release|Any CPU.Build.0 = Release|Any CPU
		{FB6E3F6A-D962-46E9-9C92-B6CF00D2F9D5}.Debug|Any CPU.ActiveCfg = Debug|Any CPU
		{FB6E3F6A-D962-46E9-9C92-B6CF00D2F9D5}.Debug|Any CPU.Build.0 = Debug|Any CPU
		{FB6E3F6A-D962-46E9-9C92-B6CF00D2F9D5}.Release|Any CPU.ActiveCfg = Release|Any CPU
		{FB6E3F6A-D962-46E9-9C92-B6CF00D2F9D5}.Release|Any CPU.Build.0 = Release|Any CPU
		{107968B5-9CBE-4CFB-A53D-6BF9CBEEAD79}.Debug|Any CPU.ActiveCfg = Debug|Any CPU
		{107968B5-9CBE-4CFB-A53D-6BF9CBEEAD79}.Debug|Any CPU.Build.0 = Debug|Any CPU
		{107968B5-9CBE-4CFB-A53D-6BF9CBEEAD79}.Release|Any CPU.ActiveCfg = Release|Any CPU
		{107968B5-9CBE-4CFB-A53D-6BF9CBEEAD79}.Release|Any CPU.Build.0 = Release|Any CPU
	EndGlobalSection
	GlobalSection(SolutionProperties) = preSolution
		HideSolutionNode = FALSE
	EndGlobalSection
EndGlobal
