
Microsoft Visual Studio Solution File, Format Version 12.00
# Visual Studio 14
VisualStudioVersion = 14.0.24720.0
MinimumVisualStudioVersion = 10.0.40219.1
Project("{FAE04EC0-301F-11D3-BF4B-00C04F79EFBC}") = "02. Reverse string", "02. Reverse string\02. Reverse string.csproj", "{F4731905-8330-4B57-8BDA-681AABF6234E}"
EndProject
Project("{FAE04EC0-301F-11D3-BF4B-00C04F79EFBC}") = "03. Correct brackets", "03. Correct brackets\03. Correct brackets.csproj", "{78E85AB0-8F92-4F84-974C-4369FBA8616A}"
EndProject
Project("{FAE04EC0-301F-11D3-BF4B-00C04F79EFBC}") = "04. Sub-string in text", "04. Sub-string in text\04. Sub-string in text.csproj", "{C7177939-0F38-4DC9-886C-78242B021E07}"
EndProject
Project("{FAE04EC0-301F-11D3-BF4B-00C04F79EFBC}") = "05. Parse tags", "05. Parse tags\05. Parse tags.csproj", "{2468F721-98B2-42F4-B69D-67F2E97D1B87}"
EndProject
Project("{FAE04EC0-301F-11D3-BF4B-00C04F79EFBC}") = "06. String length", "06. String length\06. String length.csproj", "{74F81DA2-39A4-4B1F-9B0C-8F081E3C065A}"
EndProject
Project("{FAE04EC0-301F-11D3-BF4B-00C04F79EFBC}") = "08. Extract sentences", "08. Extract sentences\08. Extract sentences.csproj", "{854E2A46-E238-4B9C-B6AF-9F4F319D46B4}"
EndProject
Project("{FAE04EC0-301F-11D3-BF4B-00C04F79EFBC}") = "23. Series of letters", "23. Series of letters\23. Series of letters.csproj", "{F4BB2D66-6B22-48D2-8321-567567E9A1F9}"
EndProject
Project("{FAE04EC0-301F-11D3-BF4B-00C04F79EFBC}") = "12. Parse URL", "12. Parse URL\12. Parse URL.csproj", "{03E42046-BC35-48DC-B2D3-63646BDEB3DA}"
EndProject
Project("{FAE04EC0-301F-11D3-BF4B-00C04F79EFBC}") = "10. Unicode characters", "10. Unicode characters\10. Unicode characters.csproj", "{63A90795-FA73-4E77-9713-A5D8882985D5}"
EndProject
Project("{FAE04EC0-301F-11D3-BF4B-00C04F79EFBC}") = "15. Replace Tags", "15. Replace Tags\15. Replace Tags.csproj", "{A61880F6-2ADE-47AC-A9DE-813B2A6E0CEC}"
EndProject
Project("{FAE04EC0-301F-11D3-BF4B-00C04F79EFBC}") = "08. Extract sentences1", "08. Extract sentences1\08. Extract sentences1.csproj", "{8D87D545-1D43-404F-9CD7-F350A6E174CE}"
EndProject
Global
	GlobalSection(SolutionConfigurationPlatforms) = preSolution
		Debug|Any CPU = Debug|Any CPU
		Release|Any CPU = Release|Any CPU
	EndGlobalSection
	GlobalSection(ProjectConfigurationPlatforms) = postSolution
		{F4731905-8330-4B57-8BDA-681AABF6234E}.Debug|Any CPU.ActiveCfg = Debug|Any CPU
		{F4731905-8330-4B57-8BDA-681AABF6234E}.Debug|Any CPU.Build.0 = Debug|Any CPU
		{F4731905-8330-4B57-8BDA-681AABF6234E}.Release|Any CPU.ActiveCfg = Release|Any CPU
		{F4731905-8330-4B57-8BDA-681AABF6234E}.Release|Any CPU.Build.0 = Release|Any CPU
		{78E85AB0-8F92-4F84-974C-4369FBA8616A}.Debug|Any CPU.ActiveCfg = Debug|Any CPU
		{78E85AB0-8F92-4F84-974C-4369FBA8616A}.Debug|Any CPU.Build.0 = Debug|Any CPU
		{78E85AB0-8F92-4F84-974C-4369FBA8616A}.Release|Any CPU.ActiveCfg = Release|Any CPU
		{78E85AB0-8F92-4F84-974C-4369FBA8616A}.Release|Any CPU.Build.0 = Release|Any CPU
		{C7177939-0F38-4DC9-886C-78242B021E07}.Debug|Any CPU.ActiveCfg = Debug|Any CPU
		{C7177939-0F38-4DC9-886C-78242B021E07}.Debug|Any CPU.Build.0 = Debug|Any CPU
		{C7177939-0F38-4DC9-886C-78242B021E07}.Release|Any CPU.ActiveCfg = Release|Any CPU
		{C7177939-0F38-4DC9-886C-78242B021E07}.Release|Any CPU.Build.0 = Release|Any CPU
		{2468F721-98B2-42F4-B69D-67F2E97D1B87}.Debug|Any CPU.ActiveCfg = Debug|Any CPU
		{2468F721-98B2-42F4-B69D-67F2E97D1B87}.Debug|Any CPU.Build.0 = Debug|Any CPU
		{2468F721-98B2-42F4-B69D-67F2E97D1B87}.Release|Any CPU.ActiveCfg = Release|Any CPU
		{2468F721-98B2-42F4-B69D-67F2E97D1B87}.Release|Any CPU.Build.0 = Release|Any CPU
		{74F81DA2-39A4-4B1F-9B0C-8F081E3C065A}.Debug|Any CPU.ActiveCfg = Debug|Any CPU
		{74F81DA2-39A4-4B1F-9B0C-8F081E3C065A}.Debug|Any CPU.Build.0 = Debug|Any CPU
		{74F81DA2-39A4-4B1F-9B0C-8F081E3C065A}.Release|Any CPU.ActiveCfg = Release|Any CPU
		{74F81DA2-39A4-4B1F-9B0C-8F081E3C065A}.Release|Any CPU.Build.0 = Release|Any CPU
		{854E2A46-E238-4B9C-B6AF-9F4F319D46B4}.Debug|Any CPU.ActiveCfg = Debug|Any CPU
		{854E2A46-E238-4B9C-B6AF-9F4F319D46B4}.Debug|Any CPU.Build.0 = Debug|Any CPU
		{854E2A46-E238-4B9C-B6AF-9F4F319D46B4}.Release|Any CPU.ActiveCfg = Release|Any CPU
		{854E2A46-E238-4B9C-B6AF-9F4F319D46B4}.Release|Any CPU.Build.0 = Release|Any CPU
		{F4BB2D66-6B22-48D2-8321-567567E9A1F9}.Debug|Any CPU.ActiveCfg = Debug|Any CPU
		{F4BB2D66-6B22-48D2-8321-567567E9A1F9}.Debug|Any CPU.Build.0 = Debug|Any CPU
		{F4BB2D66-6B22-48D2-8321-567567E9A1F9}.Release|Any CPU.ActiveCfg = Release|Any CPU
		{F4BB2D66-6B22-48D2-8321-567567E9A1F9}.Release|Any CPU.Build.0 = Release|Any CPU
		{03E42046-BC35-48DC-B2D3-63646BDEB3DA}.Debug|Any CPU.ActiveCfg = Debug|Any CPU
		{03E42046-BC35-48DC-B2D3-63646BDEB3DA}.Debug|Any CPU.Build.0 = Debug|Any CPU
		{03E42046-BC35-48DC-B2D3-63646BDEB3DA}.Release|Any CPU.ActiveCfg = Release|Any CPU
		{03E42046-BC35-48DC-B2D3-63646BDEB3DA}.Release|Any CPU.Build.0 = Release|Any CPU
		{63A90795-FA73-4E77-9713-A5D8882985D5}.Debug|Any CPU.ActiveCfg = Debug|Any CPU
		{63A90795-FA73-4E77-9713-A5D8882985D5}.Debug|Any CPU.Build.0 = Debug|Any CPU
		{63A90795-FA73-4E77-9713-A5D8882985D5}.Release|Any CPU.ActiveCfg = Release|Any CPU
		{63A90795-FA73-4E77-9713-A5D8882985D5}.Release|Any CPU.Build.0 = Release|Any CPU
		{A61880F6-2ADE-47AC-A9DE-813B2A6E0CEC}.Debug|Any CPU.ActiveCfg = Debug|Any CPU
		{A61880F6-2ADE-47AC-A9DE-813B2A6E0CEC}.Debug|Any CPU.Build.0 = Debug|Any CPU
		{A61880F6-2ADE-47AC-A9DE-813B2A6E0CEC}.Release|Any CPU.ActiveCfg = Release|Any CPU
		{A61880F6-2ADE-47AC-A9DE-813B2A6E0CEC}.Release|Any CPU.Build.0 = Release|Any CPU
		{8D87D545-1D43-404F-9CD7-F350A6E174CE}.Debug|Any CPU.ActiveCfg = Debug|Any CPU
		{8D87D545-1D43-404F-9CD7-F350A6E174CE}.Debug|Any CPU.Build.0 = Debug|Any CPU
		{8D87D545-1D43-404F-9CD7-F350A6E174CE}.Release|Any CPU.ActiveCfg = Release|Any CPU
		{8D87D545-1D43-404F-9CD7-F350A6E174CE}.Release|Any CPU.Build.0 = Release|Any CPU
	EndGlobalSection
	GlobalSection(SolutionProperties) = preSolution
		HideSolutionNode = FALSE
	EndGlobalSection
EndGlobal
